<?xml version="1.0" encoding="utf-8"?>
<Project ToolsVersion="4.0" xmlns="http://schemas.microsoft.com/developer/msbuild/2003">
  <ItemGroup>
    <Filter Include="Source Files">
      <UniqueIdentifier>{4FC737F1-C7A5-4376-A066-2A32D752A2FF}</UniqueIdentifier>
      <Extensions>cpp;c;cc;cxx;def;odl;idl;hpj;bat;asm;asmx</Extensions>
    </Filter>
    <Filter Include="Data Files">
      <UniqueIdentifier>{9c84c352-27dd-47c4-8064-eec06835df28}</UniqueIdentifier>
    </Filter>
    <Filter Include="Data Files\Save Data">
      <UniqueIdentifier>{5c3ab4a7-0052-4222-8cd0-2a74056fcf00}</UniqueIdentifier>
    </Filter>
    <Filter Include="Script Files">
      <UniqueIdentifier>{82ecf869-59d0-45fc-b5ff-8f6360402adc}</UniqueIdentifier>
    </Filter>
    <Filter Include="Script Files\prelude">
      <UniqueIdentifier>{421c7030-de6e-41e9-956f-00b2e896dbab}</UniqueIdentifier>
    </Filter>
    <Filter Include="Script Files\prelude\public">
      <UniqueIdentifier>{a7fb0b44-0019-46bd-aad8-9dbbcabdf8ec}</UniqueIdentifier>
    </Filter>
    <Filter Include="Script Files\prelude\private">
      <UniqueIdentifier>{0b983280-7904-4955-b9c8-6188ff23e198}</UniqueIdentifier>
    </Filter>
    <Filter Include="Source Files\private">
      <UniqueIdentifier>{4fd8b707-2f60-4ea5-a866-97c4e3d0e559}</UniqueIdentifier>
    </Filter>
    <Filter Include="Source Files\public">
      <UniqueIdentifier>{08a6f021-69ff-454b-aa75-1ac8f2a1b149}</UniqueIdentifier>
    </Filter>
  </ItemGroup>
  <ItemGroup>
    <None Include="README.md" />
  </ItemGroup>
  <ItemGroup>
    <Text Include="data\StartupData.txt">
      <Filter>Data Files\Save Data</Filter>
    </Text>
    <Text Include="data\saves.txt">
      <Filter>Data Files\Save Data</Filter>
    </Text>
  </ItemGroup>
  <ItemGroup>
    <ClCompile Include="scripts\prelude\private\PreludeScript.cpp">
      <Filter>Script Files\prelude\private</Filter>
    </ClCompile>
    <ClCompile Include="src\main.cpp">
      <Filter>Source Files</Filter>
    </ClCompile>
    <ClCompile Include="src\private\Cell.cpp">
      <Filter>Source Files\private</Filter>
    </ClCompile>
    <ClCompile Include="src\private\CharacterCreation.cpp">
      <Filter>Source Files\private</Filter>
    </ClCompile>
    <ClCompile Include="src\private\ConsoleManagement.cpp">
      <Filter>Source Files\private</Filter>
    </ClCompile>
    <ClCompile Include="src\private\Pawn.cpp">
      <Filter>Source Files\private</Filter>
    </ClCompile>
    <ClCompile Include="src\private\PPlayer.cpp">
      <Filter>Source Files\private</Filter>
    </ClCompile>
    <ClCompile Include="src\private\SaveData.cpp">
      <Filter>Source Files\private</Filter>
    </ClCompile>
    <ClCompile Include="src\private\StartMenu.cpp">
      <Filter>Source Files\private</Filter>
    </ClCompile>
    <ClCompile Include="src\private\World.cpp">
      <Filter>Source Files\private</Filter>
    </ClCompile>
  </ItemGroup>
  <ItemGroup>
    <ClInclude Include="scripts\prelude\public\PreludeScript.h">
      <Filter>Script Files\prelude\public</Filter>
    </ClInclude>
    <ClInclude Include="src\public\Cell.h">
      <Filter>Source Files\public</Filter>
    </ClInclude>
    <ClInclude Include="src\public\CharacterCreation.h">
      <Filter>Source Files\public</Filter>
    </ClInclude>
    <ClInclude Include="src\public\ConsoleManagement.h">
      <Filter>Source Files\public</Filter>
    </ClInclude>
    <ClInclude Include="src\public\ECellNames.h">
      <Filter>Source Files\public</Filter>
    </ClInclude>
    <ClInclude Include="src\public\Pawn.h">
      <Filter>Source Files\public</Filter>
    </ClInclude>
    <ClInclude Include="src\public\PPlayer.h">
      <Filter>Source Files\public</Filter>
    </ClInclude>
    <ClInclude Include="src\public\SaveData.h">
      <Filter>Source Files\public</Filter>
    </ClInclude>
    <ClInclude Include="src\public\StartMenu.h">
      <Filter>Source Files\public</Filter>
    </ClInclude>
    <ClInclude Include="src\public\World.h">
      <Filter>Source Files\public</Filter>
    </ClInclude>
  </ItemGroup>
</Project>